// !$*UTF8*$!
{
	archiveVersion = 1;
	classes = {
	};
	objectVersion = 56;
	objects = {

/* Begin PBXBuildFile section */
		88B7AAFE2A8F743600E94885 /* MainVC.swift in Sources */ = {isa = PBXBuildFile; fileRef = 88B7AAFD2A8F743600E94885 /* MainVC.swift */; };
		88B7AB012A8F78FA00E94885 /* customSegmentView.swift in Sources */ = {isa = PBXBuildFile; fileRef = 88B7AB002A8F78FA00E94885 /* customSegmentView.swift */; };
		88B7AB042A8F88F300E94885 /* cirtcleTableViewCell.swift in Sources */ = {isa = PBXBuildFile; fileRef = 88B7AB032A8F88F300E94885 /* cirtcleTableViewCell.swift */; };
		88B7AB062A8F917600E94885 /* colorButton.swift in Sources */ = {isa = PBXBuildFile; fileRef = 88B7AB052A8F917600E94885 /* colorButton.swift */; };
		88B7AB092A8FA2AC00E94885 /* circleCellData.swift in Sources */ = {isa = PBXBuildFile; fileRef = 88B7AB082A8FA2AC00E94885 /* circleCellData.swift */; };
		DD1322FC2A86A30F009D519A /* Alamofire in Frameworks */ = {isa = PBXBuildFile; productRef = DD1322FB2A86A30F009D519A /* Alamofire */; };
		DD1322FF2A86A323009D519A /* SnapKit in Frameworks */ = {isa = PBXBuildFile; productRef = DD1322FE2A86A323009D519A /* SnapKit */; };
		DD1323022A86A332009D519A /* Then in Frameworks */ = {isa = PBXBuildFile; productRef = DD1323012A86A332009D519A /* Then */; };
		DD1323052A86A377009D519A /* Moya in Frameworks */ = {isa = PBXBuildFile; productRef = DD1323042A86A377009D519A /* Moya */; };
		DD1323082A86A3A6009D519A /* Kingfisher in Frameworks */ = {isa = PBXBuildFile; productRef = DD1323072A86A3A6009D519A /* Kingfisher */; };
		DD60D3782A88FE3F005D6F7F /* Pretendard-Bold.otf in Resources */ = {isa = PBXBuildFile; fileRef = DD60D3742A88FE3F005D6F7F /* Pretendard-Bold.otf */; };
		DD60D3792A88FE3F005D6F7F /* Pretendard-Bold.otf in Resources */ = {isa = PBXBuildFile; fileRef = DD60D3742A88FE3F005D6F7F /* Pretendard-Bold.otf */; };
		DD60D37A2A88FE3F005D6F7F /* Pretendard-Bold.otf in Resources */ = {isa = PBXBuildFile; fileRef = DD60D3742A88FE3F005D6F7F /* Pretendard-Bold.otf */; };
		DD60D37B2A88FE3F005D6F7F /* Pretendard-SemiBold.otf in Resources */ = {isa = PBXBuildFile; fileRef = DD60D3752A88FE3F005D6F7F /* Pretendard-SemiBold.otf */; };
		DD60D37C2A88FE3F005D6F7F /* Pretendard-SemiBold.otf in Resources */ = {isa = PBXBuildFile; fileRef = DD60D3752A88FE3F005D6F7F /* Pretendard-SemiBold.otf */; };
		DD60D37D2A88FE3F005D6F7F /* Pretendard-SemiBold.otf in Resources */ = {isa = PBXBuildFile; fileRef = DD60D3752A88FE3F005D6F7F /* Pretendard-SemiBold.otf */; };
		DD60D37E2A88FE3F005D6F7F /* Pretendard-Regular.otf in Resources */ = {isa = PBXBuildFile; fileRef = DD60D3762A88FE3F005D6F7F /* Pretendard-Regular.otf */; };
		DD60D37F2A88FE3F005D6F7F /* Pretendard-Regular.otf in Resources */ = {isa = PBXBuildFile; fileRef = DD60D3762A88FE3F005D6F7F /* Pretendard-Regular.otf */; };
		DD60D3802A88FE3F005D6F7F /* Pretendard-Regular.otf in Resources */ = {isa = PBXBuildFile; fileRef = DD60D3762A88FE3F005D6F7F /* Pretendard-Regular.otf */; };
		DD60D3812A88FE3F005D6F7F /* Pretendard-Medium.otf in Resources */ = {isa = PBXBuildFile; fileRef = DD60D3772A88FE3F005D6F7F /* Pretendard-Medium.otf */; };
		DD60D3822A88FE3F005D6F7F /* Pretendard-Medium.otf in Resources */ = {isa = PBXBuildFile; fileRef = DD60D3772A88FE3F005D6F7F /* Pretendard-Medium.otf */; };
		DD60D3832A88FE3F005D6F7F /* Pretendard-Medium.otf in Resources */ = {isa = PBXBuildFile; fileRef = DD60D3772A88FE3F005D6F7F /* Pretendard-Medium.otf */; };
		DD60D3862A88FEE8005D6F7F /* FontData.swift in Sources */ = {isa = PBXBuildFile; fileRef = DD60D3852A88FEE8005D6F7F /* FontData.swift */; };
		DD60D3872A88FEE8005D6F7F /* FontData.swift in Sources */ = {isa = PBXBuildFile; fileRef = DD60D3852A88FEE8005D6F7F /* FontData.swift */; };
		DD60D3882A88FEE8005D6F7F /* FontData.swift in Sources */ = {isa = PBXBuildFile; fileRef = DD60D3852A88FEE8005D6F7F /* FontData.swift */; };
		DD60D38B2A8901BB005D6F7F /* UIImage+.swift in Sources */ = {isa = PBXBuildFile; fileRef = DD60D38A2A8901BB005D6F7F /* UIImage+.swift */; };
		DD60D38C2A8901BB005D6F7F /* UIImage+.swift in Sources */ = {isa = PBXBuildFile; fileRef = DD60D38A2A8901BB005D6F7F /* UIImage+.swift */; };
		DD60D38D2A8901BB005D6F7F /* UIImage+.swift in Sources */ = {isa = PBXBuildFile; fileRef = DD60D38A2A8901BB005D6F7F /* UIImage+.swift */; };
		DD60D38F2A8901CF005D6F7F /* UIColor+.swift in Sources */ = {isa = PBXBuildFile; fileRef = DD60D38E2A8901CF005D6F7F /* UIColor+.swift */; };
		DD60D3902A8901CF005D6F7F /* UIColor+.swift in Sources */ = {isa = PBXBuildFile; fileRef = DD60D38E2A8901CF005D6F7F /* UIColor+.swift */; };
		DD60D3912A8901CF005D6F7F /* UIColor+.swift in Sources */ = {isa = PBXBuildFile; fileRef = DD60D38E2A8901CF005D6F7F /* UIColor+.swift */; };
		DD60D3932A8901ED005D6F7F /* ColorData.swift in Sources */ = {isa = PBXBuildFile; fileRef = DD60D3922A8901ED005D6F7F /* ColorData.swift */; };
		DD60D3942A8901ED005D6F7F /* ColorData.swift in Sources */ = {isa = PBXBuildFile; fileRef = DD60D3922A8901ED005D6F7F /* ColorData.swift */; };
		DD60D3952A8901ED005D6F7F /* ColorData.swift in Sources */ = {isa = PBXBuildFile; fileRef = DD60D3922A8901ED005D6F7F /* ColorData.swift */; };
		DD8E58B72A869E53007DACC7 /* AppDelegate.swift in Sources */ = {isa = PBXBuildFile; fileRef = DD8E58B62A869E53007DACC7 /* AppDelegate.swift */; };
		DD8E58B92A869E53007DACC7 /* SceneDelegate.swift in Sources */ = {isa = PBXBuildFile; fileRef = DD8E58B82A869E53007DACC7 /* SceneDelegate.swift */; };
		DD8E58BB2A869E53007DACC7 /* ViewController.swift in Sources */ = {isa = PBXBuildFile; fileRef = DD8E58BA2A869E53007DACC7 /* ViewController.swift */; };
		DD8E58C02A869E55007DACC7 /* Assets.xcassets in Resources */ = {isa = PBXBuildFile; fileRef = DD8E58BF2A869E55007DACC7 /* Assets.xcassets */; };
		DD8E58C32A869E55007DACC7 /* LaunchScreen.storyboard in Resources */ = {isa = PBXBuildFile; fileRef = DD8E58C12A869E55007DACC7 /* LaunchScreen.storyboard */; };
		DD8E58CE2A869E55007DACC7 /* GachonRookieTests.swift in Sources */ = {isa = PBXBuildFile; fileRef = DD8E58CD2A869E55007DACC7 /* GachonRookieTests.swift */; };
		DD8E58D82A869E55007DACC7 /* GachonRookieUITests.swift in Sources */ = {isa = PBXBuildFile; fileRef = DD8E58D72A869E55007DACC7 /* GachonRookieUITests.swift */; };
		DD8E58DA2A869E55007DACC7 /* GachonRookieUITestsLaunchTests.swift in Sources */ = {isa = PBXBuildFile; fileRef = DD8E58D92A869E55007DACC7 /* GachonRookieUITestsLaunchTests.swift */; };
		DDA73ADC2A8F2B9000C9D65A /* UIViewController+.swift in Sources */ = {isa = PBXBuildFile; fileRef = DDA73ADB2A8F2B9000C9D65A /* UIViewController+.swift */; };
		DDA73ADE2A8F2C2000C9D65A /* TableViewCell.swift in Sources */ = {isa = PBXBuildFile; fileRef = DDA73ADD2A8F2C2000C9D65A /* TableViewCell.swift */; };
		DDA73AE32A8F462300C9D65A /* LoginVC.swift in Sources */ = {isa = PBXBuildFile; fileRef = DDA73AE22A8F462300C9D65A /* LoginVC.swift */; };
		DDA73AEB2A8F7B5C00C9D65A /* ApplyVC.swift in Sources */ = {isa = PBXBuildFile; fileRef = DDA73AEA2A8F7B5C00C9D65A /* ApplyVC.swift */; };
		DDA73AED2A8F7B6B00C9D65A /* UserVC.swift in Sources */ = {isa = PBXBuildFile; fileRef = DDA73AEC2A8F7B6B00C9D65A /* UserVC.swift */; };
		DDA73AEF2A8F7B7600C9D65A /* ReportVC.swift in Sources */ = {isa = PBXBuildFile; fileRef = DDA73AEE2A8F7B7600C9D65A /* ReportVC.swift */; };
		DDA73AF12A8F7BFC00C9D65A /* TabBarController.swift in Sources */ = {isa = PBXBuildFile; fileRef = DDA73AF02A8F7BFC00C9D65A /* TabBarController.swift */; };
/* End PBXBuildFile section */

/* Begin PBXContainerItemProxy section */
		DD8E58CA2A869E55007DACC7 /* PBXContainerItemProxy */ = {
			isa = PBXContainerItemProxy;
			containerPortal = DD8E58AB2A869E53007DACC7 /* Project object */;
			proxyType = 1;
			remoteGlobalIDString = DD8E58B22A869E53007DACC7;
			remoteInfo = GachonRookie;
		};
		DD8E58D42A869E55007DACC7 /* PBXContainerItemProxy */ = {
			isa = PBXContainerItemProxy;
			containerPortal = DD8E58AB2A869E53007DACC7 /* Project object */;
			proxyType = 1;
			remoteGlobalIDString = DD8E58B22A869E53007DACC7;
			remoteInfo = GachonRookie;
		};
/* End PBXContainerItemProxy section */

/* Begin PBXFileReference section */
		88B7AAFD2A8F743600E94885 /* MainVC.swift */ = {isa = PBXFileReference; lastKnownFileType = sourcecode.swift; path = MainVC.swift; sourceTree = "<group>"; };
		88B7AB002A8F78FA00E94885 /* customSegmentView.swift */ = {isa = PBXFileReference; lastKnownFileType = sourcecode.swift; path = customSegmentView.swift; sourceTree = "<group>"; };
		88B7AB032A8F88F300E94885 /* cirtcleTableViewCell.swift */ = {isa = PBXFileReference; lastKnownFileType = sourcecode.swift; path = cirtcleTableViewCell.swift; sourceTree = "<group>"; };
		88B7AB052A8F917600E94885 /* colorButton.swift */ = {isa = PBXFileReference; lastKnownFileType = sourcecode.swift; path = colorButton.swift; sourceTree = "<group>"; };
		88B7AB082A8FA2AC00E94885 /* circleCellData.swift */ = {isa = PBXFileReference; lastKnownFileType = sourcecode.swift; path = circleCellData.swift; sourceTree = "<group>"; };
		DD60D3742A88FE3F005D6F7F /* Pretendard-Bold.otf */ = {isa = PBXFileReference; lastKnownFileType = file; path = "Pretendard-Bold.otf"; sourceTree = "<group>"; };
		DD60D3752A88FE3F005D6F7F /* Pretendard-SemiBold.otf */ = {isa = PBXFileReference; lastKnownFileType = file; path = "Pretendard-SemiBold.otf"; sourceTree = "<group>"; };
		DD60D3762A88FE3F005D6F7F /* Pretendard-Regular.otf */ = {isa = PBXFileReference; lastKnownFileType = file; path = "Pretendard-Regular.otf"; sourceTree = "<group>"; };
		DD60D3772A88FE3F005D6F7F /* Pretendard-Medium.otf */ = {isa = PBXFileReference; lastKnownFileType = file; path = "Pretendard-Medium.otf"; sourceTree = "<group>"; };
		DD60D3852A88FEE8005D6F7F /* FontData.swift */ = {isa = PBXFileReference; lastKnownFileType = sourcecode.swift; path = FontData.swift; sourceTree = "<group>"; };
		DD60D38A2A8901BB005D6F7F /* UIImage+.swift */ = {isa = PBXFileReference; lastKnownFileType = sourcecode.swift; path = "UIImage+.swift"; sourceTree = "<group>"; };
		DD60D38E2A8901CF005D6F7F /* UIColor+.swift */ = {isa = PBXFileReference; lastKnownFileType = sourcecode.swift; path = "UIColor+.swift"; sourceTree = "<group>"; };
		DD60D3922A8901ED005D6F7F /* ColorData.swift */ = {isa = PBXFileReference; lastKnownFileType = sourcecode.swift; path = ColorData.swift; sourceTree = "<group>"; };
		DD8E58B32A869E53007DACC7 /* GachonRookie.app */ = {isa = PBXFileReference; explicitFileType = wrapper.application; includeInIndex = 0; path = GachonRookie.app; sourceTree = BUILT_PRODUCTS_DIR; };
		DD8E58B62A869E53007DACC7 /* AppDelegate.swift */ = {isa = PBXFileReference; lastKnownFileType = sourcecode.swift; path = AppDelegate.swift; sourceTree = "<group>"; };
		DD8E58B82A869E53007DACC7 /* SceneDelegate.swift */ = {isa = PBXFileReference; lastKnownFileType = sourcecode.swift; path = SceneDelegate.swift; sourceTree = "<group>"; };
		DD8E58BA2A869E53007DACC7 /* ViewController.swift */ = {isa = PBXFileReference; lastKnownFileType = sourcecode.swift; path = ViewController.swift; sourceTree = "<group>"; };
		DD8E58BF2A869E55007DACC7 /* Assets.xcassets */ = {isa = PBXFileReference; lastKnownFileType = folder.assetcatalog; path = Assets.xcassets; sourceTree = "<group>"; };
		DD8E58C22A869E55007DACC7 /* Base */ = {isa = PBXFileReference; lastKnownFileType = file.storyboard; name = Base; path = Base.lproj/LaunchScreen.storyboard; sourceTree = "<group>"; };
		DD8E58C42A869E55007DACC7 /* Info.plist */ = {isa = PBXFileReference; lastKnownFileType = text.plist.xml; path = Info.plist; sourceTree = "<group>"; };
		DD8E58C92A869E55007DACC7 /* GachonRookieTests.xctest */ = {isa = PBXFileReference; explicitFileType = wrapper.cfbundle; includeInIndex = 0; path = GachonRookieTests.xctest; sourceTree = BUILT_PRODUCTS_DIR; };
		DD8E58CD2A869E55007DACC7 /* GachonRookieTests.swift */ = {isa = PBXFileReference; lastKnownFileType = sourcecode.swift; path = GachonRookieTests.swift; sourceTree = "<group>"; };
		DD8E58D32A869E55007DACC7 /* GachonRookieUITests.xctest */ = {isa = PBXFileReference; explicitFileType = wrapper.cfbundle; includeInIndex = 0; path = GachonRookieUITests.xctest; sourceTree = BUILT_PRODUCTS_DIR; };
		DD8E58D72A869E55007DACC7 /* GachonRookieUITests.swift */ = {isa = PBXFileReference; lastKnownFileType = sourcecode.swift; path = GachonRookieUITests.swift; sourceTree = "<group>"; };
		DD8E58D92A869E55007DACC7 /* GachonRookieUITestsLaunchTests.swift */ = {isa = PBXFileReference; lastKnownFileType = sourcecode.swift; path = GachonRookieUITestsLaunchTests.swift; sourceTree = "<group>"; };
		DDA73ADB2A8F2B9000C9D65A /* UIViewController+.swift */ = {isa = PBXFileReference; lastKnownFileType = sourcecode.swift; path = "UIViewController+.swift"; sourceTree = "<group>"; };
		DDA73ADD2A8F2C2000C9D65A /* TableViewCell.swift */ = {isa = PBXFileReference; lastKnownFileType = sourcecode.swift; path = TableViewCell.swift; sourceTree = "<group>"; };
		DDA73AE22A8F462300C9D65A /* LoginVC.swift */ = {isa = PBXFileReference; lastKnownFileType = sourcecode.swift; path = LoginVC.swift; sourceTree = "<group>"; };
		DDA73AE62A8F4A8D00C9D65A /* GachonRookie.entitlements */ = {isa = PBXFileReference; lastKnownFileType = text.plist.entitlements; path = GachonRookie.entitlements; sourceTree = "<group>"; };
		DDA73AEA2A8F7B5C00C9D65A /* ApplyVC.swift */ = {isa = PBXFileReference; lastKnownFileType = sourcecode.swift; path = ApplyVC.swift; sourceTree = "<group>"; };
		DDA73AEC2A8F7B6B00C9D65A /* UserVC.swift */ = {isa = PBXFileReference; lastKnownFileType = sourcecode.swift; path = UserVC.swift; sourceTree = "<group>"; };
		DDA73AEE2A8F7B7600C9D65A /* ReportVC.swift */ = {isa = PBXFileReference; lastKnownFileType = sourcecode.swift; path = ReportVC.swift; sourceTree = "<group>"; };
		DDA73AF02A8F7BFC00C9D65A /* TabBarController.swift */ = {isa = PBXFileReference; lastKnownFileType = sourcecode.swift; path = TabBarController.swift; sourceTree = "<group>"; };
/* End PBXFileReference section */

/* Begin PBXFrameworksBuildPhase section */
		DD8E58B02A869E53007DACC7 /* Frameworks */ = {
			isa = PBXFrameworksBuildPhase;
			buildActionMask = 2147483647;
			files = (
				DD1322FC2A86A30F009D519A /* Alamofire in Frameworks */,
				DD1323022A86A332009D519A /* Then in Frameworks */,
				DD1323052A86A377009D519A /* Moya in Frameworks */,
				DD1322FF2A86A323009D519A /* SnapKit in Frameworks */,
				DD1323082A86A3A6009D519A /* Kingfisher in Frameworks */,
			);
			runOnlyForDeploymentPostprocessing = 0;
		};
		DD8E58C62A869E55007DACC7 /* Frameworks */ = {
			isa = PBXFrameworksBuildPhase;
			buildActionMask = 2147483647;
			files = (
			);
			runOnlyForDeploymentPostprocessing = 0;
		};
		DD8E58D02A869E55007DACC7 /* Frameworks */ = {
			isa = PBXFrameworksBuildPhase;
			buildActionMask = 2147483647;
			files = (
			);
			runOnlyForDeploymentPostprocessing = 0;
		};
/* End PBXFrameworksBuildPhase section */

/* Begin PBXGroup section */
		88B7AAFC2A8F742800E94885 /* Main */ = {
			isa = PBXGroup;
			children = (
				88B7AB022A8F88D400E94885 /* Cell */,
				88B7AAFD2A8F743600E94885 /* MainVC.swift */,
			);
			path = Main;
			sourceTree = "<group>";
		};
		88B7AAFF2A8F78E600E94885 /* View */ = {
			isa = PBXGroup;
			children = (
				88B7AB002A8F78FA00E94885 /* customSegmentView.swift */,
				88B7AB052A8F917600E94885 /* colorButton.swift */,
			);
			path = View;
			sourceTree = "<group>";
		};
		88B7AB022A8F88D400E94885 /* Cell */ = {
			isa = PBXGroup;
			children = (
				88B7AB032A8F88F300E94885 /* cirtcleTableViewCell.swift */,
			);
			path = Cell;
			sourceTree = "<group>";
		};
		88B7AB072A8FA29100E94885 /* Model */ = {
			isa = PBXGroup;
			children = (
				88B7AB082A8FA2AC00E94885 /* circleCellData.swift */,
			);
			path = Model;
			sourceTree = "<group>";
		};
		DD60D3702A88FDAD005D6F7F /* Resources */ = {
			isa = PBXGroup;
			children = (
				88B7AB072A8FA29100E94885 /* Model */,
				DD8E58BF2A869E55007DACC7 /* Assets.xcassets */,
				DD60D3842A88FEDC005D6F7F /* Data */,
				DD60D3892A89016D005D6F7F /* Extension */,
				DD60D3712A88FDBA005D6F7F /* Font */,
			);
			path = Resources;
			sourceTree = "<group>";
		};
		DD60D3712A88FDBA005D6F7F /* Font */ = {
			isa = PBXGroup;
			children = (
				DD60D3742A88FE3F005D6F7F /* Pretendard-Bold.otf */,
				DD60D3772A88FE3F005D6F7F /* Pretendard-Medium.otf */,
				DD60D3762A88FE3F005D6F7F /* Pretendard-Regular.otf */,
				DD60D3752A88FE3F005D6F7F /* Pretendard-SemiBold.otf */,
			);
			path = Font;
			sourceTree = "<group>";
		};
		DD60D3722A88FDCE005D6F7F /* Sources */ = {
			isa = PBXGroup;
			children = (
				DD60D3732A88FDE7005D6F7F /* Screen */,
			);
			path = Sources;
			sourceTree = "<group>";
		};
		DD60D3732A88FDE7005D6F7F /* Screen */ = {
			isa = PBXGroup;
			children = (
				88B7AAFF2A8F78E600E94885 /* View */,
				DD8E58C12A869E55007DACC7 /* LaunchScreen.storyboard */,
				DD8E58BA2A869E53007DACC7 /* ViewController.swift */,
				DDA73ADD2A8F2C2000C9D65A /* TableViewCell.swift */,
				DDA73AF02A8F7BFC00C9D65A /* TabBarController.swift */,
				88B7AAFC2A8F742800E94885 /* Main */,
				DDA73AE92A8F7B3A00C9D65A /* Apply */,
				DDA73AE82A8F7B2400C9D65A /* User */,
				DDA73AE72A8F7B1C00C9D65A /* Report */,
				DDA73ADF2A8F45F100C9D65A /* Onboarding */,
			);
			path = Screen;
			sourceTree = "<group>";
		};
		DD60D3842A88FEDC005D6F7F /* Data */ = {
			isa = PBXGroup;
			children = (
				DD60D3852A88FEE8005D6F7F /* FontData.swift */,
				DD60D3922A8901ED005D6F7F /* ColorData.swift */,
			);
			path = Data;
			sourceTree = "<group>";
		};
		DD60D3892A89016D005D6F7F /* Extension */ = {
			isa = PBXGroup;
			children = (
				DD60D38A2A8901BB005D6F7F /* UIImage+.swift */,
				DD60D38E2A8901CF005D6F7F /* UIColor+.swift */,
				DDA73ADB2A8F2B9000C9D65A /* UIViewController+.swift */,
			);
			path = Extension;
			sourceTree = "<group>";
		};
		DD8E58AA2A869E53007DACC7 = {
			isa = PBXGroup;
			children = (
				DD8E58B52A869E53007DACC7 /* GachonRookie */,
				DD8E58CC2A869E55007DACC7 /* GachonRookieTests */,
				DD8E58D62A869E55007DACC7 /* GachonRookieUITests */,
				DD8E58B42A869E53007DACC7 /* Products */,
			);
			sourceTree = "<group>";
		};
		DD8E58B42A869E53007DACC7 /* Products */ = {
			isa = PBXGroup;
			children = (
				DD8E58B32A869E53007DACC7 /* GachonRookie.app */,
				DD8E58C92A869E55007DACC7 /* GachonRookieTests.xctest */,
				DD8E58D32A869E55007DACC7 /* GachonRookieUITests.xctest */,
			);
			name = Products;
			sourceTree = "<group>";
		};
		DD8E58B52A869E53007DACC7 /* GachonRookie */ = {
			isa = PBXGroup;
			children = (
				DDA73AE62A8F4A8D00C9D65A /* GachonRookie.entitlements */,
				DD8E58B62A869E53007DACC7 /* AppDelegate.swift */,
				DD8E58B82A869E53007DACC7 /* SceneDelegate.swift */,
				DD8E58C42A869E55007DACC7 /* Info.plist */,
				DD60D3702A88FDAD005D6F7F /* Resources */,
				DD60D3722A88FDCE005D6F7F /* Sources */,
			);
			path = GachonRookie;
			sourceTree = "<group>";
		};
		DD8E58CC2A869E55007DACC7 /* GachonRookieTests */ = {
			isa = PBXGroup;
			children = (
				DD8E58CD2A869E55007DACC7 /* GachonRookieTests.swift */,
			);
			path = GachonRookieTests;
			sourceTree = "<group>";
		};
		DD8E58D62A869E55007DACC7 /* GachonRookieUITests */ = {
			isa = PBXGroup;
			children = (
				DD8E58D72A869E55007DACC7 /* GachonRookieUITests.swift */,
				DD8E58D92A869E55007DACC7 /* GachonRookieUITestsLaunchTests.swift */,
			);
			path = GachonRookieUITests;
			sourceTree = "<group>";
		};
		DDA73ADF2A8F45F100C9D65A /* Onboarding */ = {
			isa = PBXGroup;
			children = (
				DDA73AE22A8F462300C9D65A /* LoginVC.swift */,
			);
			path = Onboarding;
			sourceTree = "<group>";
		};
		DDA73AE72A8F7B1C00C9D65A /* Report */ = {
			isa = PBXGroup;
			children = (
				DDA73AEE2A8F7B7600C9D65A /* ReportVC.swift */,
			);
			path = Report;
			sourceTree = "<group>";
		};
		DDA73AE82A8F7B2400C9D65A /* User */ = {
			isa = PBXGroup;
			children = (
				DDA73AEC2A8F7B6B00C9D65A /* UserVC.swift */,
			);
			path = User;
			sourceTree = "<group>";
		};
		DDA73AE92A8F7B3A00C9D65A /* Apply */ = {
			isa = PBXGroup;
			children = (
				DDA73AEA2A8F7B5C00C9D65A /* ApplyVC.swift */,
			);
			path = Apply;
			sourceTree = "<group>";
		};
/* End PBXGroup section */

/* Begin PBXNativeTarget section */
		DD8E58B22A869E53007DACC7 /* GachonRookie */ = {
			isa = PBXNativeTarget;
			buildConfigurationList = DD8E58DD2A869E55007DACC7 /* Build configuration list for PBXNativeTarget "GachonRookie" */;
			buildPhases = (
				DD8E58AF2A869E53007DACC7 /* Sources */,
				DD8E58B02A869E53007DACC7 /* Frameworks */,
				DD8E58B12A869E53007DACC7 /* Resources */,
			);
			buildRules = (
			);
			dependencies = (
			);
			name = GachonRookie;
			packageProductDependencies = (
				DD1322FB2A86A30F009D519A /* Alamofire */,
				DD1322FE2A86A323009D519A /* SnapKit */,
				DD1323012A86A332009D519A /* Then */,
				DD1323042A86A377009D519A /* Moya */,
				DD1323072A86A3A6009D519A /* Kingfisher */,
			);
			productName = GachonRookie;
			productReference = DD8E58B32A869E53007DACC7 /* GachonRookie.app */;
			productType = "com.apple.product-type.application";
		};
		DD8E58C82A869E55007DACC7 /* GachonRookieTests */ = {
			isa = PBXNativeTarget;
			buildConfigurationList = DD8E58E02A869E55007DACC7 /* Build configuration list for PBXNativeTarget "GachonRookieTests" */;
			buildPhases = (
				DD8E58C52A869E55007DACC7 /* Sources */,
				DD8E58C62A869E55007DACC7 /* Frameworks */,
				DD8E58C72A869E55007DACC7 /* Resources */,
			);
			buildRules = (
			);
			dependencies = (
				DD8E58CB2A869E55007DACC7 /* PBXTargetDependency */,
			);
			name = GachonRookieTests;
			productName = GachonRookieTests;
			productReference = DD8E58C92A869E55007DACC7 /* GachonRookieTests.xctest */;
			productType = "com.apple.product-type.bundle.unit-test";
		};
		DD8E58D22A869E55007DACC7 /* GachonRookieUITests */ = {
			isa = PBXNativeTarget;
			buildConfigurationList = DD8E58E32A869E55007DACC7 /* Build configuration list for PBXNativeTarget "GachonRookieUITests" */;
			buildPhases = (
				DD8E58CF2A869E55007DACC7 /* Sources */,
				DD8E58D02A869E55007DACC7 /* Frameworks */,
				DD8E58D12A869E55007DACC7 /* Resources */,
			);
			buildRules = (
			);
			dependencies = (
				DD8E58D52A869E55007DACC7 /* PBXTargetDependency */,
			);
			name = GachonRookieUITests;
			productName = GachonRookieUITests;
			productReference = DD8E58D32A869E55007DACC7 /* GachonRookieUITests.xctest */;
			productType = "com.apple.product-type.bundle.ui-testing";
		};
/* End PBXNativeTarget section */

/* Begin PBXProject section */
		DD8E58AB2A869E53007DACC7 /* Project object */ = {
			isa = PBXProject;
			attributes = {
				BuildIndependentTargetsInParallel = 1;
				LastSwiftUpdateCheck = 1430;
				LastUpgradeCheck = 1430;
				TargetAttributes = {
					DD8E58B22A869E53007DACC7 = {
						CreatedOnToolsVersion = 14.3.1;
					};
					DD8E58C82A869E55007DACC7 = {
						CreatedOnToolsVersion = 14.3.1;
						TestTargetID = DD8E58B22A869E53007DACC7;
					};
					DD8E58D22A869E55007DACC7 = {
						CreatedOnToolsVersion = 14.3.1;
						TestTargetID = DD8E58B22A869E53007DACC7;
					};
				};
			};
			buildConfigurationList = DD8E58AE2A869E53007DACC7 /* Build configuration list for PBXProject "GachonRookie" */;
			compatibilityVersion = "Xcode 14.0";
			developmentRegion = en;
			hasScannedForEncodings = 0;
			knownRegions = (
				en,
				Base,
			);
			mainGroup = DD8E58AA2A869E53007DACC7;
			packageReferences = (
				DD1322FA2A86A30F009D519A /* XCRemoteSwiftPackageReference "Alamofire" */,
				DD1322FD2A86A323009D519A /* XCRemoteSwiftPackageReference "SnapKit" */,
				DD1323002A86A332009D519A /* XCRemoteSwiftPackageReference "Then" */,
				DD1323032A86A377009D519A /* XCRemoteSwiftPackageReference "Moya" */,
				DD1323062A86A3A6009D519A /* XCRemoteSwiftPackageReference "Kingfisher" */,
			);
			productRefGroup = DD8E58B42A869E53007DACC7 /* Products */;
			projectDirPath = "";
			projectRoot = "";
			targets = (
				DD8E58B22A869E53007DACC7 /* GachonRookie */,
				DD8E58C82A869E55007DACC7 /* GachonRookieTests */,
				DD8E58D22A869E55007DACC7 /* GachonRookieUITests */,
			);
		};
/* End PBXProject section */

/* Begin PBXResourcesBuildPhase section */
		DD8E58B12A869E53007DACC7 /* Resources */ = {
			isa = PBXResourcesBuildPhase;
			buildActionMask = 2147483647;
			files = (
				DD8E58C32A869E55007DACC7 /* LaunchScreen.storyboard in Resources */,
				DD60D3782A88FE3F005D6F7F /* Pretendard-Bold.otf in Resources */,
				DD60D37E2A88FE3F005D6F7F /* Pretendard-Regular.otf in Resources */,
				DD8E58C02A869E55007DACC7 /* Assets.xcassets in Resources */,
				DD60D37B2A88FE3F005D6F7F /* Pretendard-SemiBold.otf in Resources */,
				DD60D3812A88FE3F005D6F7F /* Pretendard-Medium.otf in Resources */,
			);
			runOnlyForDeploymentPostprocessing = 0;
		};
		DD8E58C72A869E55007DACC7 /* Resources */ = {
			isa = PBXResourcesBuildPhase;
			buildActionMask = 2147483647;
			files = (
				DD60D3792A88FE3F005D6F7F /* Pretendard-Bold.otf in Resources */,
				DD60D37F2A88FE3F005D6F7F /* Pretendard-Regular.otf in Resources */,
				DD60D37C2A88FE3F005D6F7F /* Pretendard-SemiBold.otf in Resources */,
				DD60D3822A88FE3F005D6F7F /* Pretendard-Medium.otf in Resources */,
			);
			runOnlyForDeploymentPostprocessing = 0;
		};
		DD8E58D12A869E55007DACC7 /* Resources */ = {
			isa = PBXResourcesBuildPhase;
			buildActionMask = 2147483647;
			files = (
				DD60D37A2A88FE3F005D6F7F /* Pretendard-Bold.otf in Resources */,
				DD60D3802A88FE3F005D6F7F /* Pretendard-Regular.otf in Resources */,
				DD60D37D2A88FE3F005D6F7F /* Pretendard-SemiBold.otf in Resources */,
				DD60D3832A88FE3F005D6F7F /* Pretendard-Medium.otf in Resources */,
			);
			runOnlyForDeploymentPostprocessing = 0;
		};
/* End PBXResourcesBuildPhase section */

/* Begin PBXSourcesBuildPhase section */
		DD8E58AF2A869E53007DACC7 /* Sources */ = {
			isa = PBXSourcesBuildPhase;
			buildActionMask = 2147483647;
			files = (
				DDA73AEF2A8F7B7600C9D65A /* ReportVC.swift in Sources */,
				DD8E58BB2A869E53007DACC7 /* ViewController.swift in Sources */,
				DD8E58B72A869E53007DACC7 /* AppDelegate.swift in Sources */,
				DDA73AF12A8F7BFC00C9D65A /* TabBarController.swift in Sources */,
				88B7AB042A8F88F300E94885 /* cirtcleTableViewCell.swift in Sources */,
				DDA73ADC2A8F2B9000C9D65A /* UIViewController+.swift in Sources */,
				88B7AB012A8F78FA00E94885 /* customSegmentView.swift in Sources */,
				DDA73ADE2A8F2C2000C9D65A /* TableViewCell.swift in Sources */,
				88B7AAFE2A8F743600E94885 /* MainVC.swift in Sources */,
				DDA73AE32A8F462300C9D65A /* LoginVC.swift in Sources */,
				DD60D38B2A8901BB005D6F7F /* UIImage+.swift in Sources */,
				DD60D3932A8901ED005D6F7F /* ColorData.swift in Sources */,
				88B7AB092A8FA2AC00E94885 /* circleCellData.swift in Sources */,
				DD60D3862A88FEE8005D6F7F /* FontData.swift in Sources */,
				88B7AB062A8F917600E94885 /* colorButton.swift in Sources */,
				DD8E58B92A869E53007DACC7 /* SceneDelegate.swift in Sources */,
				DDA73AED2A8F7B6B00C9D65A /* UserVC.swift in Sources */,
				DD60D38F2A8901CF005D6F7F /* UIColor+.swift in Sources */,
				DDA73AEB2A8F7B5C00C9D65A /* ApplyVC.swift in Sources */,
			);
			runOnlyForDeploymentPostprocessing = 0;
		};
		DD8E58C52A869E55007DACC7 /* Sources */ = {
			isa = PBXSourcesBuildPhase;
			buildActionMask = 2147483647;
			files = (
				DD60D38C2A8901BB005D6F7F /* UIImage+.swift in Sources */,
				DD60D3902A8901CF005D6F7F /* UIColor+.swift in Sources */,
				DD60D3942A8901ED005D6F7F /* ColorData.swift in Sources */,
				DD60D3872A88FEE8005D6F7F /* FontData.swift in Sources */,
				DD8E58CE2A869E55007DACC7 /* GachonRookieTests.swift in Sources */,
			);
			runOnlyForDeploymentPostprocessing = 0;
		};
		DD8E58CF2A869E55007DACC7 /* Sources */ = {
			isa = PBXSourcesBuildPhase;
			buildActionMask = 2147483647;
			files = (
				DD8E58D82A869E55007DACC7 /* GachonRookieUITests.swift in Sources */,
				DD60D38D2A8901BB005D6F7F /* UIImage+.swift in Sources */,
				DD60D3882A88FEE8005D6F7F /* FontData.swift in Sources */,
				DD8E58DA2A869E55007DACC7 /* GachonRookieUITestsLaunchTests.swift in Sources */,
				DD60D3912A8901CF005D6F7F /* UIColor+.swift in Sources */,
				DD60D3952A8901ED005D6F7F /* ColorData.swift in Sources */,
			);
			runOnlyForDeploymentPostprocessing = 0;
		};
/* End PBXSourcesBuildPhase section */

/* Begin PBXTargetDependency section */
		DD8E58CB2A869E55007DACC7 /* PBXTargetDependency */ = {
			isa = PBXTargetDependency;
			target = DD8E58B22A869E53007DACC7 /* GachonRookie */;
			targetProxy = DD8E58CA2A869E55007DACC7 /* PBXContainerItemProxy */;
		};
		DD8E58D52A869E55007DACC7 /* PBXTargetDependency */ = {
			isa = PBXTargetDependency;
			target = DD8E58B22A869E53007DACC7 /* GachonRookie */;
			targetProxy = DD8E58D42A869E55007DACC7 /* PBXContainerItemProxy */;
		};
/* End PBXTargetDependency section */

/* Begin PBXVariantGroup section */
		DD8E58C12A869E55007DACC7 /* LaunchScreen.storyboard */ = {
			isa = PBXVariantGroup;
			children = (
				DD8E58C22A869E55007DACC7 /* Base */,
			);
			name = LaunchScreen.storyboard;
			sourceTree = "<group>";
		};
/* End PBXVariantGroup section */

/* Begin XCBuildConfiguration section */
		DD8E58DB2A869E55007DACC7 /* Debug */ = {
			isa = XCBuildConfiguration;
			buildSettings = {
				ALWAYS_SEARCH_USER_PATHS = NO;
				CLANG_ANALYZER_NONNULL = YES;
				CLANG_ANALYZER_NUMBER_OBJECT_CONVERSION = YES_AGGRESSIVE;
				CLANG_CXX_LANGUAGE_STANDARD = "gnu++20";
				CLANG_ENABLE_MODULES = YES;
				CLANG_ENABLE_OBJC_ARC = YES;
				CLANG_ENABLE_OBJC_WEAK = YES;
				CLANG_WARN_BLOCK_CAPTURE_AUTORELEASING = YES;
				CLANG_WARN_BOOL_CONVERSION = YES;
				CLANG_WARN_COMMA = YES;
				CLANG_WARN_CONSTANT_CONVERSION = YES;
				CLANG_WARN_DEPRECATED_OBJC_IMPLEMENTATIONS = YES;
				CLANG_WARN_DIRECT_OBJC_ISA_USAGE = YES_ERROR;
				CLANG_WARN_DOCUMENTATION_COMMENTS = YES;
				CLANG_WARN_EMPTY_BODY = YES;
				CLANG_WARN_ENUM_CONVERSION = YES;
				CLANG_WARN_INFINITE_RECURSION = YES;
				CLANG_WARN_INT_CONVERSION = YES;
				CLANG_WARN_NON_LITERAL_NULL_CONVERSION = YES;
				CLANG_WARN_OBJC_IMPLICIT_RETAIN_SELF = YES;
				CLANG_WARN_OBJC_LITERAL_CONVERSION = YES;
				CLANG_WARN_OBJC_ROOT_CLASS = YES_ERROR;
				CLANG_WARN_QUOTED_INCLUDE_IN_FRAMEWORK_HEADER = YES;
				CLANG_WARN_RANGE_LOOP_ANALYSIS = YES;
				CLANG_WARN_STRICT_PROTOTYPES = YES;
				CLANG_WARN_SUSPICIOUS_MOVE = YES;
				CLANG_WARN_UNGUARDED_AVAILABILITY = YES_AGGRESSIVE;
				CLANG_WARN_UNREACHABLE_CODE = YES;
				CLANG_WARN__DUPLICATE_METHOD_MATCH = YES;
				COPY_PHASE_STRIP = NO;
				DEBUG_INFORMATION_FORMAT = dwarf;
				ENABLE_STRICT_OBJC_MSGSEND = YES;
				ENABLE_TESTABILITY = YES;
				GCC_C_LANGUAGE_STANDARD = gnu11;
				GCC_DYNAMIC_NO_PIC = NO;
				GCC_NO_COMMON_BLOCKS = YES;
				GCC_OPTIMIZATION_LEVEL = 0;
				GCC_PREPROCESSOR_DEFINITIONS = (
					"DEBUG=1",
					"$(inherited)",
				);
				GCC_WARN_64_TO_32_BIT_CONVERSION = YES;
				GCC_WARN_ABOUT_RETURN_TYPE = YES_ERROR;
				GCC_WARN_UNDECLARED_SELECTOR = YES;
				GCC_WARN_UNINITIALIZED_AUTOS = YES_AGGRESSIVE;
				GCC_WARN_UNUSED_FUNCTION = YES;
				GCC_WARN_UNUSED_VARIABLE = YES;
				IPHONEOS_DEPLOYMENT_TARGET = 16.4;
				MTL_ENABLE_DEBUG_INFO = INCLUDE_SOURCE;
				MTL_FAST_MATH = YES;
				ONLY_ACTIVE_ARCH = YES;
				SDKROOT = iphoneos;
				SWIFT_ACTIVE_COMPILATION_CONDITIONS = DEBUG;
				SWIFT_OPTIMIZATION_LEVEL = "-Onone";
			};
			name = Debug;
		};
		DD8E58DC2A869E55007DACC7 /* Release */ = {
			isa = XCBuildConfiguration;
			buildSettings = {
				ALWAYS_SEARCH_USER_PATHS = NO;
				CLANG_ANALYZER_NONNULL = YES;
				CLANG_ANALYZER_NUMBER_OBJECT_CONVERSION = YES_AGGRESSIVE;
				CLANG_CXX_LANGUAGE_STANDARD = "gnu++20";
				CLANG_ENABLE_MODULES = YES;
				CLANG_ENABLE_OBJC_ARC = YES;
				CLANG_ENABLE_OBJC_WEAK = YES;
				CLANG_WARN_BLOCK_CAPTURE_AUTORELEASING = YES;
				CLANG_WARN_BOOL_CONVERSION = YES;
				CLANG_WARN_COMMA = YES;
				CLANG_WARN_CONSTANT_CONVERSION = YES;
				CLANG_WARN_DEPRECATED_OBJC_IMPLEMENTATIONS = YES;
				CLANG_WARN_DIRECT_OBJC_ISA_USAGE = YES_ERROR;
				CLANG_WARN_DOCUMENTATION_COMMENTS = YES;
				CLANG_WARN_EMPTY_BODY = YES;
				CLANG_WARN_ENUM_CONVERSION = YES;
				CLANG_WARN_INFINITE_RECURSION = YES;
				CLANG_WARN_INT_CONVERSION = YES;
				CLANG_WARN_NON_LITERAL_NULL_CONVERSION = YES;
				CLANG_WARN_OBJC_IMPLICIT_RETAIN_SELF = YES;
				CLANG_WARN_OBJC_LITERAL_CONVERSION = YES;
				CLANG_WARN_OBJC_ROOT_CLASS = YES_ERROR;
				CLANG_WARN_QUOTED_INCLUDE_IN_FRAMEWORK_HEADER = YES;
				CLANG_WARN_RANGE_LOOP_ANALYSIS = YES;
				CLANG_WARN_STRICT_PROTOTYPES = YES;
				CLANG_WARN_SUSPICIOUS_MOVE = YES;
				CLANG_WARN_UNGUARDED_AVAILABILITY = YES_AGGRESSIVE;
				CLANG_WARN_UNREACHABLE_CODE = YES;
				CLANG_WARN__DUPLICATE_METHOD_MATCH = YES;
				COPY_PHASE_STRIP = NO;
				DEBUG_INFORMATION_FORMAT = "dwarf-with-dsym";
				ENABLE_NS_ASSERTIONS = NO;
				ENABLE_STRICT_OBJC_MSGSEND = YES;
				GCC_C_LANGUAGE_STANDARD = gnu11;
				GCC_NO_COMMON_BLOCKS = YES;
				GCC_WARN_64_TO_32_BIT_CONVERSION = YES;
				GCC_WARN_ABOUT_RETURN_TYPE = YES_ERROR;
				GCC_WARN_UNDECLARED_SELECTOR = YES;
				GCC_WARN_UNINITIALIZED_AUTOS = YES_AGGRESSIVE;
				GCC_WARN_UNUSED_FUNCTION = YES;
				GCC_WARN_UNUSED_VARIABLE = YES;
				IPHONEOS_DEPLOYMENT_TARGET = 16.4;
				MTL_ENABLE_DEBUG_INFO = NO;
				MTL_FAST_MATH = YES;
				SDKROOT = iphoneos;
				SWIFT_COMPILATION_MODE = wholemodule;
				SWIFT_OPTIMIZATION_LEVEL = "-O";
				VALIDATE_PRODUCT = YES;
			};
			name = Release;
		};
		DD8E58DE2A869E55007DACC7 /* Debug */ = {
			isa = XCBuildConfiguration;
			buildSettings = {
				ASSETCATALOG_COMPILER_APPICON_NAME = AppIcon;
				ASSETCATALOG_COMPILER_GLOBAL_ACCENT_COLOR_NAME = AccentColor;
				CODE_SIGN_ENTITLEMENTS = GachonRookie/GachonRookie.entitlements;
				CODE_SIGN_STYLE = Automatic;
				CURRENT_PROJECT_VERSION = 1;
				DEVELOPMENT_TEAM = 2DF5SKQK2R;
				GENERATE_INFOPLIST_FILE = YES;
				INFOPLIST_FILE = GachonRookie/Info.plist;
				INFOPLIST_KEY_UIApplicationSupportsIndirectInputEvents = YES;
				INFOPLIST_KEY_UILaunchStoryboardName = LaunchScreen;
				INFOPLIST_KEY_UISupportedInterfaceOrientations_iPad = "UIInterfaceOrientationPortrait UIInterfaceOrientationPortraitUpsideDown UIInterfaceOrientationLandscapeLeft UIInterfaceOrientationLandscapeRight";
				INFOPLIST_KEY_UISupportedInterfaceOrientations_iPhone = "UIInterfaceOrientationPortrait UIInterfaceOrientationLandscapeLeft UIInterfaceOrientationLandscapeRight";
				LD_RUNPATH_SEARCH_PATHS = (
					"$(inherited)",
					"@executable_path/Frameworks",
				);
				MARKETING_VERSION = 1.0;
				PRODUCT_BUNDLE_IDENTIFIER = com.youz2me.GachonRookie;
				PRODUCT_NAME = "$(TARGET_NAME)";
				SWIFT_EMIT_LOC_STRINGS = YES;
				SWIFT_VERSION = 5.0;
				TARGETED_DEVICE_FAMILY = "1,2";
			};
			name = Debug;
		};
		DD8E58DF2A869E55007DACC7 /* Release */ = {
			isa = XCBuildConfiguration;
			buildSettings = {
				ASSETCATALOG_COMPILER_APPICON_NAME = AppIcon;
				ASSETCATALOG_COMPILER_GLOBAL_ACCENT_COLOR_NAME = AccentColor;
				CODE_SIGN_ENTITLEMENTS = GachonRookie/GachonRookie.entitlements;
				CODE_SIGN_STYLE = Automatic;
				CURRENT_PROJECT_VERSION = 1;
				DEVELOPMENT_TEAM = 2DF5SKQK2R;
				GENERATE_INFOPLIST_FILE = YES;
				INFOPLIST_FILE = GachonRookie/Info.plist;
				INFOPLIST_KEY_UIApplicationSupportsIndirectInputEvents = YES;
				INFOPLIST_KEY_UILaunchStoryboardName = LaunchScreen;
				INFOPLIST_KEY_UISupportedInterfaceOrientations_iPad = "UIInterfaceOrientationPortrait UIInterfaceOrientationPortraitUpsideDown UIInterfaceOrientationLandscapeLeft UIInterfaceOrientationLandscapeRight";
				INFOPLIST_KEY_UISupportedInterfaceOrientations_iPhone = "UIInterfaceOrientationPortrait UIInterfaceOrientationLandscapeLeft UIInterfaceOrientationLandscapeRight";
				LD_RUNPATH_SEARCH_PATHS = (
					"$(inherited)",
					"@executable_path/Frameworks",
				);
				MARKETING_VERSION = 1.0;
				PRODUCT_BUNDLE_IDENTIFIER = com.youz2me.GachonRookie;
				PRODUCT_NAME = "$(TARGET_NAME)";
				SWIFT_EMIT_LOC_STRINGS = YES;
				SWIFT_VERSION = 5.0;
				TARGETED_DEVICE_FAMILY = "1,2";
			};
			name = Release;
		};
		DD8E58E12A869E55007DACC7 /* Debug */ = {
			isa = XCBuildConfiguration;
			buildSettings = {
				ALWAYS_EMBED_SWIFT_STANDARD_LIBRARIES = YES;
				BUNDLE_LOADER = "$(TEST_HOST)";
				CODE_SIGN_STYLE = Automatic;
				CURRENT_PROJECT_VERSION = 1;
				DEVELOPMENT_TEAM = 2DF5SKQK2R;
				GENERATE_INFOPLIST_FILE = YES;
				IPHONEOS_DEPLOYMENT_TARGET = 16.4;
				MARKETING_VERSION = 1.0;
				PRODUCT_BUNDLE_IDENTIFIER = com.youz2me.GachonRookieTests;
				PRODUCT_NAME = "$(TARGET_NAME)";
				SWIFT_EMIT_LOC_STRINGS = NO;
				SWIFT_VERSION = 5.0;
				TARGETED_DEVICE_FAMILY = "1,2";
				TEST_HOST = "$(BUILT_PRODUCTS_DIR)/GachonRookie.app/$(BUNDLE_EXECUTABLE_FOLDER_PATH)/GachonRookie";
			};
			name = Debug;
		};
		DD8E58E22A869E55007DACC7 /* Release */ = {
			isa = XCBuildConfiguration;
			buildSettings = {
				ALWAYS_EMBED_SWIFT_STANDARD_LIBRARIES = YES;
				BUNDLE_LOADER = "$(TEST_HOST)";
				CODE_SIGN_STYLE = Automatic;
				CURRENT_PROJECT_VERSION = 1;
				DEVELOPMENT_TEAM = 2DF5SKQK2R;
				GENERATE_INFOPLIST_FILE = YES;
				IPHONEOS_DEPLOYMENT_TARGET = 16.4;
				MARKETING_VERSION = 1.0;
				PRODUCT_BUNDLE_IDENTIFIER = com.youz2me.GachonRookieTests;
				PRODUCT_NAME = "$(TARGET_NAME)";
				SWIFT_EMIT_LOC_STRINGS = NO;
				SWIFT_VERSION = 5.0;
				TARGETED_DEVICE_FAMILY = "1,2";
				TEST_HOST = "$(BUILT_PRODUCTS_DIR)/GachonRookie.app/$(BUNDLE_EXECUTABLE_FOLDER_PATH)/GachonRookie";
			};
			name = Release;
		};
		DD8E58E42A869E55007DACC7 /* Debug */ = {
			isa = XCBuildConfiguration;
			buildSettings = {
				ALWAYS_EMBED_SWIFT_STANDARD_LIBRARIES = YES;
				CODE_SIGN_STYLE = Automatic;
				CURRENT_PROJECT_VERSION = 1;
				DEVELOPMENT_TEAM = 2DF5SKQK2R;
				GENERATE_INFOPLIST_FILE = YES;
				MARKETING_VERSION = 1.0;
				PRODUCT_BUNDLE_IDENTIFIER = com.youz2me.GachonRookieUITests;
				PRODUCT_NAME = "$(TARGET_NAME)";
				SWIFT_EMIT_LOC_STRINGS = NO;
				SWIFT_VERSION = 5.0;
				TARGETED_DEVICE_FAMILY = "1,2";
				TEST_TARGET_NAME = GachonRookie;
			};
			name = Debug;
		};
		DD8E58E52A869E55007DACC7 /* Release */ = {
			isa = XCBuildConfiguration;
			buildSettings = {
				ALWAYS_EMBED_SWIFT_STANDARD_LIBRARIES = YES;
				CODE_SIGN_STYLE = Automatic;
				CURRENT_PROJECT_VERSION = 1;
				DEVELOPMENT_TEAM = 2DF5SKQK2R;
				GENERATE_INFOPLIST_FILE = YES;
				MARKETING_VERSION = 1.0;
				PRODUCT_BUNDLE_IDENTIFIER = com.youz2me.GachonRookieUITests;
				PRODUCT_NAME = "$(TARGET_NAME)";
				SWIFT_EMIT_LOC_STRINGS = NO;
				SWIFT_VERSION = 5.0;
				TARGETED_DEVICE_FAMILY = "1,2";
				TEST_TARGET_NAME = GachonRookie;
			};
			name = Release;
		};
/* End XCBuildConfiguration section */

/* Begin XCConfigurationList section */
		DD8E58AE2A869E53007DACC7 /* Build configuration list for PBXProject "GachonRookie" */ = {
			isa = XCConfigurationList;
			buildConfigurations = (
				DD8E58DB2A869E55007DACC7 /* Debug */,
				DD8E58DC2A869E55007DACC7 /* Release */,
			);
			defaultConfigurationIsVisible = 0;
			defaultConfigurationName = Release;
		};
		DD8E58DD2A869E55007DACC7 /* Build configuration list for PBXNativeTarget "GachonRookie" */ = {
			isa = XCConfigurationList;
			buildConfigurations = (
				DD8E58DE2A869E55007DACC7 /* Debug */,
				DD8E58DF2A869E55007DACC7 /* Release */,
			);
			defaultConfigurationIsVisible = 0;
			defaultConfigurationName = Release;
		};
		DD8E58E02A869E55007DACC7 /* Build configuration list for PBXNativeTarget "GachonRookieTests" */ = {
			isa = XCConfigurationList;
			buildConfigurations = (
				DD8E58E12A869E55007DACC7 /* Debug */,
				DD8E58E22A869E55007DACC7 /* Release */,
			);
			defaultConfigurationIsVisible = 0;
			defaultConfigurationName = Release;
		};
		DD8E58E32A869E55007DACC7 /* Build configuration list for PBXNativeTarget "GachonRookieUITests" */ = {
			isa = XCConfigurationList;
			buildConfigurations = (
				DD8E58E42A869E55007DACC7 /* Debug */,
				DD8E58E52A869E55007DACC7 /* Release */,
			);
			defaultConfigurationIsVisible = 0;
			defaultConfigurationName = Release;
		};
/* End XCConfigurationList section */

/* Begin XCRemoteSwiftPackageReference section */
		DD1322FA2A86A30F009D519A /* XCRemoteSwiftPackageReference "Alamofire" */ = {
			isa = XCRemoteSwiftPackageReference;
			repositoryURL = "https://github.com/Alamofire/Alamofire";
			requirement = {
				kind = upToNextMajorVersion;
				minimumVersion = 5.0.0;
			};
		};
		DD1322FD2A86A323009D519A /* XCRemoteSwiftPackageReference "SnapKit" */ = {
			isa = XCRemoteSwiftPackageReference;
			repositoryURL = "https://github.com/SnapKit/SnapKit";
			requirement = {
				kind = upToNextMajorVersion;
				minimumVersion = 5.0.0;
			};
		};
		DD1323002A86A332009D519A /* XCRemoteSwiftPackageReference "Then" */ = {
			isa = XCRemoteSwiftPackageReference;
			repositoryURL = "https://github.com/devxoul/Then";
			requirement = {
				kind = upToNextMajorVersion;
				minimumVersion = 3.0.0;
			};
		};
		DD1323032A86A377009D519A /* XCRemoteSwiftPackageReference "Moya" */ = {
			isa = XCRemoteSwiftPackageReference;
			repositoryURL = "https://github.com/Moya/Moya";
			requirement = {
				kind = upToNextMajorVersion;
				minimumVersion = 15.0.0;
			};
		};
		DD1323062A86A3A6009D519A /* XCRemoteSwiftPackageReference "Kingfisher" */ = {
			isa = XCRemoteSwiftPackageReference;
			repositoryURL = "https://github.com/onevcat/Kingfisher";
			requirement = {
				kind = upToNextMajorVersion;
				minimumVersion = 7.0.0;
			};
		};
/* End XCRemoteSwiftPackageReference section */

/* Begin XCSwiftPackageProductDependency section */
		DD1322FB2A86A30F009D519A /* Alamofire */ = {
			isa = XCSwiftPackageProductDependency;
			package = DD1322FA2A86A30F009D519A /* XCRemoteSwiftPackageReference "Alamofire" */;
			productName = Alamofire;
		};
		DD1322FE2A86A323009D519A /* SnapKit */ = {
			isa = XCSwiftPackageProductDependency;
			package = DD1322FD2A86A323009D519A /* XCRemoteSwiftPackageReference "SnapKit" */;
			productName = SnapKit;
		};
		DD1323012A86A332009D519A /* Then */ = {
			isa = XCSwiftPackageProductDependency;
			package = DD1323002A86A332009D519A /* XCRemoteSwiftPackageReference "Then" */;
			productName = Then;
		};
		DD1323042A86A377009D519A /* Moya */ = {
			isa = XCSwiftPackageProductDependency;
			package = DD1323032A86A377009D519A /* XCRemoteSwiftPackageReference "Moya" */;
			productName = Moya;
		};
		DD1323072A86A3A6009D519A /* Kingfisher */ = {
			isa = XCSwiftPackageProductDependency;
			package = DD1323062A86A3A6009D519A /* XCRemoteSwiftPackageReference "Kingfisher" */;
			productName = Kingfisher;
		};
/* End XCSwiftPackageProductDependency section */
	};
	rootObject = DD8E58AB2A869E53007DACC7 /* Project object */;
}
